// !$*UTF8*$!
{
	archiveVersion = 1;
	classes = {
	};
	objectVersion = 50;
	objects = {

/* Begin PBXBuildFile section */
		18A24E5C2237231F003F0F4A /* AppDelegate.swift in Sources */ = {isa = PBXBuildFile; fileRef = 18A24E5B2237231F003F0F4A /* AppDelegate.swift */; };
		18A24E6322372323003F0F4A /* Assets.xcassets in Resources */ = {isa = PBXBuildFile; fileRef = 18A24E6222372323003F0F4A /* Assets.xcassets */; };
		18A24E6622372323003F0F4A /* LaunchScreen.storyboard in Resources */ = {isa = PBXBuildFile; fileRef = 18A24E6422372323003F0F4A /* LaunchScreen.storyboard */; };
		18A24E7122372323003F0F4A /* DesafioPicPayiOSTests.swift in Sources */ = {isa = PBXBuildFile; fileRef = 18A24E7022372323003F0F4A /* DesafioPicPayiOSTests.swift */; };
		18A24E8022372D1E003F0F4A /* AppRouter.swift in Sources */ = {isa = PBXBuildFile; fileRef = 18A24E7F22372D1E003F0F4A /* AppRouter.swift */; };
		18A24E8722372EC7003F0F4A /* ContactsListViewController.swift in Sources */ = {isa = PBXBuildFile; fileRef = 18A24E8522372EC7003F0F4A /* ContactsListViewController.swift */; };
		18A24E8822372EC7003F0F4A /* ContactsListViewController.xib in Resources */ = {isa = PBXBuildFile; fileRef = 18A24E8622372EC7003F0F4A /* ContactsListViewController.xib */; };
		18A24E8B223731D3003F0F4A /* HeaderView.swift in Sources */ = {isa = PBXBuildFile; fileRef = 18A24E8A223731D3003F0F4A /* HeaderView.swift */; };
		18A24E8D223731EF003F0F4A /* HeaderView.xib in Resources */ = {isa = PBXBuildFile; fileRef = 18A24E8C223731EF003F0F4A /* HeaderView.xib */; };
		18A24E9022373F38003F0F4A /* ContactListCell.swift in Sources */ = {isa = PBXBuildFile; fileRef = 18A24E8E22373F38003F0F4A /* ContactListCell.swift */; };
		18A24E9122373F38003F0F4A /* ContactListCell.xib in Resources */ = {isa = PBXBuildFile; fileRef = 18A24E8F22373F38003F0F4A /* ContactListCell.xib */; };
		18A24E9322375DF9003F0F4A /* PicPayApiError.swift in Sources */ = {isa = PBXBuildFile; fileRef = 18A24E9222375DF8003F0F4A /* PicPayApiError.swift */; };
		18A24E9522375E34003F0F4A /* PicPayApiRequest.swift in Sources */ = {isa = PBXBuildFile; fileRef = 18A24E9422375E34003F0F4A /* PicPayApiRequest.swift */; };
		18A24E9722375E8C003F0F4A /* PicPayApiSetupProtocol.swift in Sources */ = {isa = PBXBuildFile; fileRef = 18A24E9622375E8C003F0F4A /* PicPayApiSetupProtocol.swift */; };
		18A24E9922375F02003F0F4A /* PicPayContactListServiceSetup.swift in Sources */ = {isa = PBXBuildFile; fileRef = 18A24E9822375F02003F0F4A /* PicPayContactListServiceSetup.swift */; };
		18A24E9B22376001003F0F4A /* Constants.swift in Sources */ = {isa = PBXBuildFile; fileRef = 18A24E9A22376001003F0F4A /* Constants.swift */; };
		18A24E9D22376334003F0F4A /* ContactListPresenter.swift in Sources */ = {isa = PBXBuildFile; fileRef = 18A24E9C22376334003F0F4A /* ContactListPresenter.swift */; };
		18A24E9F22376429003F0F4A /* ContactListInteractor.swift in Sources */ = {isa = PBXBuildFile; fileRef = 18A24E9E22376429003F0F4A /* ContactListInteractor.swift */; };
		18A24EA2223764D5003F0F4A /* User.swift in Sources */ = {isa = PBXBuildFile; fileRef = 18A24EA1223764D5003F0F4A /* User.swift */; };
		18A24EA5223765F0003F0F4A /* ContactListWorker.swift in Sources */ = {isa = PBXBuildFile; fileRef = 18A24EA4223765F0003F0F4A /* ContactListWorker.swift */; };
		18A24EA822376868003F0F4A /* UserViewModel.swift in Sources */ = {isa = PBXBuildFile; fileRef = 18A24EA722376868003F0F4A /* UserViewModel.swift */; };
		18A24EAA2237F813003F0F4A /* UIImage+Extensions.swift in Sources */ = {isa = PBXBuildFile; fileRef = 18A24EA92237F812003F0F4A /* UIImage+Extensions.swift */; };
		18A24EAC2237F87A003F0F4A /* ImageDownloader.swift in Sources */ = {isa = PBXBuildFile; fileRef = 18A24EAB2237F87A003F0F4A /* ImageDownloader.swift */; };
		18A24EAE22380B33003F0F4A /* UITextField+Extensions.swift in Sources */ = {isa = PBXBuildFile; fileRef = 18A24EAD22380B33003F0F4A /* UITextField+Extensions.swift */; };
/* End PBXBuildFile section */

/* Begin PBXContainerItemProxy section */
		18A24E6D22372323003F0F4A /* PBXContainerItemProxy */ = {
			isa = PBXContainerItemProxy;
			containerPortal = 18A24E502237231F003F0F4A /* Project object */;
			proxyType = 1;
			remoteGlobalIDString = 18A24E572237231F003F0F4A;
			remoteInfo = DesafioPicPayiOS;
		};
/* End PBXContainerItemProxy section */

/* Begin PBXFileReference section */
		18A24E582237231F003F0F4A /* DesafioPicPayiOS.app */ = {isa = PBXFileReference; explicitFileType = wrapper.application; includeInIndex = 0; path = DesafioPicPayiOS.app; sourceTree = BUILT_PRODUCTS_DIR; };
		18A24E5B2237231F003F0F4A /* AppDelegate.swift */ = {isa = PBXFileReference; lastKnownFileType = sourcecode.swift; path = AppDelegate.swift; sourceTree = "<group>"; };
		18A24E6222372323003F0F4A /* Assets.xcassets */ = {isa = PBXFileReference; lastKnownFileType = folder.assetcatalog; path = Assets.xcassets; sourceTree = "<group>"; };
		18A24E6522372323003F0F4A /* Base */ = {isa = PBXFileReference; lastKnownFileType = file.storyboard; name = Base; path = Base.lproj/LaunchScreen.storyboard; sourceTree = "<group>"; };
		18A24E6722372323003F0F4A /* Info.plist */ = {isa = PBXFileReference; lastKnownFileType = text.plist.xml; path = Info.plist; sourceTree = "<group>"; };
		18A24E6C22372323003F0F4A /* DesafioPicPayiOSTests.xctest */ = {isa = PBXFileReference; explicitFileType = wrapper.cfbundle; includeInIndex = 0; path = DesafioPicPayiOSTests.xctest; sourceTree = BUILT_PRODUCTS_DIR; };
		18A24E7022372323003F0F4A /* DesafioPicPayiOSTests.swift */ = {isa = PBXFileReference; lastKnownFileType = sourcecode.swift; path = DesafioPicPayiOSTests.swift; sourceTree = "<group>"; };
		18A24E7222372323003F0F4A /* Info.plist */ = {isa = PBXFileReference; lastKnownFileType = text.plist.xml; path = Info.plist; sourceTree = "<group>"; };
		18A24E7F22372D1E003F0F4A /* AppRouter.swift */ = {isa = PBXFileReference; lastKnownFileType = sourcecode.swift; path = AppRouter.swift; sourceTree = "<group>"; };
		18A24E8522372EC7003F0F4A /* ContactsListViewController.swift */ = {isa = PBXFileReference; lastKnownFileType = sourcecode.swift; path = ContactsListViewController.swift; sourceTree = "<group>"; };
		18A24E8622372EC7003F0F4A /* ContactsListViewController.xib */ = {isa = PBXFileReference; lastKnownFileType = file.xib; path = ContactsListViewController.xib; sourceTree = "<group>"; };
		18A24E8A223731D3003F0F4A /* HeaderView.swift */ = {isa = PBXFileReference; lastKnownFileType = sourcecode.swift; path = HeaderView.swift; sourceTree = "<group>"; };
		18A24E8C223731EF003F0F4A /* HeaderView.xib */ = {isa = PBXFileReference; lastKnownFileType = file.xib; path = HeaderView.xib; sourceTree = "<group>"; };
		18A24E8E22373F38003F0F4A /* ContactListCell.swift */ = {isa = PBXFileReference; lastKnownFileType = sourcecode.swift; path = ContactListCell.swift; sourceTree = "<group>"; };
		18A24E8F22373F38003F0F4A /* ContactListCell.xib */ = {isa = PBXFileReference; lastKnownFileType = file.xib; path = ContactListCell.xib; sourceTree = "<group>"; };
		18A24E9222375DF8003F0F4A /* PicPayApiError.swift */ = {isa = PBXFileReference; lastKnownFileType = sourcecode.swift; path = PicPayApiError.swift; sourceTree = "<group>"; };
		18A24E9422375E34003F0F4A /* PicPayApiRequest.swift */ = {isa = PBXFileReference; lastKnownFileType = sourcecode.swift; path = PicPayApiRequest.swift; sourceTree = "<group>"; };
		18A24E9622375E8C003F0F4A /* PicPayApiSetupProtocol.swift */ = {isa = PBXFileReference; lastKnownFileType = sourcecode.swift; path = PicPayApiSetupProtocol.swift; sourceTree = "<group>"; };
		18A24E9822375F02003F0F4A /* PicPayContactListServiceSetup.swift */ = {isa = PBXFileReference; lastKnownFileType = sourcecode.swift; path = PicPayContactListServiceSetup.swift; sourceTree = "<group>"; };
		18A24E9A22376001003F0F4A /* Constants.swift */ = {isa = PBXFileReference; lastKnownFileType = sourcecode.swift; path = Constants.swift; sourceTree = "<group>"; };
		18A24E9C22376334003F0F4A /* ContactListPresenter.swift */ = {isa = PBXFileReference; lastKnownFileType = sourcecode.swift; path = ContactListPresenter.swift; sourceTree = "<group>"; };
		18A24E9E22376429003F0F4A /* ContactListInteractor.swift */ = {isa = PBXFileReference; lastKnownFileType = sourcecode.swift; path = ContactListInteractor.swift; sourceTree = "<group>"; };
		18A24EA1223764D5003F0F4A /* User.swift */ = {isa = PBXFileReference; lastKnownFileType = sourcecode.swift; path = User.swift; sourceTree = "<group>"; };
		18A24EA4223765F0003F0F4A /* ContactListWorker.swift */ = {isa = PBXFileReference; lastKnownFileType = sourcecode.swift; path = ContactListWorker.swift; sourceTree = "<group>"; };
		18A24EA722376868003F0F4A /* UserViewModel.swift */ = {isa = PBXFileReference; lastKnownFileType = sourcecode.swift; path = UserViewModel.swift; sourceTree = "<group>"; };
		18A24EA92237F812003F0F4A /* UIImage+Extensions.swift */ = {isa = PBXFileReference; lastKnownFileType = sourcecode.swift; path = "UIImage+Extensions.swift"; sourceTree = "<group>"; };
		18A24EAB2237F87A003F0F4A /* ImageDownloader.swift */ = {isa = PBXFileReference; lastKnownFileType = sourcecode.swift; path = ImageDownloader.swift; sourceTree = "<group>"; };
		18A24EAD22380B33003F0F4A /* UITextField+Extensions.swift */ = {isa = PBXFileReference; lastKnownFileType = sourcecode.swift; path = "UITextField+Extensions.swift"; sourceTree = "<group>"; };
/* End PBXFileReference section */

/* Begin PBXFrameworksBuildPhase section */
		18A24E552237231F003F0F4A /* Frameworks */ = {
			isa = PBXFrameworksBuildPhase;
			buildActionMask = 2147483647;
			files = (
			);
			runOnlyForDeploymentPostprocessing = 0;
		};
		18A24E6922372323003F0F4A /* Frameworks */ = {
			isa = PBXFrameworksBuildPhase;
			buildActionMask = 2147483647;
			files = (
			);
			runOnlyForDeploymentPostprocessing = 0;
		};
/* End PBXFrameworksBuildPhase section */

/* Begin PBXGroup section */
		18A24E4F2237231F003F0F4A = {
			isa = PBXGroup;
			children = (
				18A24E5A2237231F003F0F4A /* DesafioPicPayiOS */,
				18A24E6F22372323003F0F4A /* DesafioPicPayiOSTests */,
				18A24E592237231F003F0F4A /* Products */,
			);
			sourceTree = "<group>";
		};
		18A24E592237231F003F0F4A /* Products */ = {
			isa = PBXGroup;
			children = (
				18A24E582237231F003F0F4A /* DesafioPicPayiOS.app */,
				18A24E6C22372323003F0F4A /* DesafioPicPayiOSTests.xctest */,
			);
			name = Products;
			sourceTree = "<group>";
		};
		18A24E5A2237231F003F0F4A /* DesafioPicPayiOS */ = {
			isa = PBXGroup;
			children = (
				18A24E7D22372CEF003F0F4A /* Common */,
				18A24E7C22372CC1003F0F4A /* Network */,
				18A24E7E22372CFC003F0F4A /* Router */,
				18A24E7B22372CAF003F0F4A /* Scenes */,
				18A24E5B2237231F003F0F4A /* AppDelegate.swift */,
				18A24E6222372323003F0F4A /* Assets.xcassets */,
				18A24E6422372323003F0F4A /* LaunchScreen.storyboard */,
				18A24E6722372323003F0F4A /* Info.plist */,
			);
			path = DesafioPicPayiOS;
			sourceTree = "<group>";
		};
		18A24E6F22372323003F0F4A /* DesafioPicPayiOSTests */ = {
			isa = PBXGroup;
			children = (
				18A24E7022372323003F0F4A /* DesafioPicPayiOSTests.swift */,
				18A24E7222372323003F0F4A /* Info.plist */,
			);
			path = DesafioPicPayiOSTests;
			sourceTree = "<group>";
		};
		18A24E7B22372CAF003F0F4A /* Scenes */ = {
			isa = PBXGroup;
			children = (
				18A24E8122372D90003F0F4A /* ContactsList */,
			);
			path = Scenes;
			sourceTree = "<group>";
		};
		18A24E7C22372CC1003F0F4A /* Network */ = {
			isa = PBXGroup;
			children = (
				18A24EA3223765E0003F0F4A /* Workers */,
				18A24E9222375DF8003F0F4A /* PicPayApiError.swift */,
				18A24E9422375E34003F0F4A /* PicPayApiRequest.swift */,
				18A24E9622375E8C003F0F4A /* PicPayApiSetupProtocol.swift */,
				18A24E9822375F02003F0F4A /* PicPayContactListServiceSetup.swift */,
				18A24EAB2237F87A003F0F4A /* ImageDownloader.swift */,
			);
			path = Network;
			sourceTree = "<group>";
		};
		18A24E7D22372CEF003F0F4A /* Common */ = {
			isa = PBXGroup;
			children = (
				18A24EAF22381583003F0F4A /* Extensions */,
				18A24E9A22376001003F0F4A /* Constants.swift */,
			);
			path = Common;
			sourceTree = "<group>";
		};
		18A24E7E22372CFC003F0F4A /* Router */ = {
			isa = PBXGroup;
			children = (
				18A24E7F22372D1E003F0F4A /* AppRouter.swift */,
			);
			path = Router;
			sourceTree = "<group>";
		};
		18A24E8122372D90003F0F4A /* ContactsList */ = {
			isa = PBXGroup;
			children = (
				18A24E8222372DF7003F0F4A /* Interactor */,
				18A24EA0223764B5003F0F4A /* Model */,
				18A24E8322372E09003F0F4A /* Presenter */,
				18A24E8422372E17003F0F4A /* Views */,
			);
			path = ContactsList;
			sourceTree = "<group>";
		};
		18A24E8222372DF7003F0F4A /* Interactor */ = {
			isa = PBXGroup;
			children = (
				18A24E9E22376429003F0F4A /* ContactListInteractor.swift */,
			);
			path = Interactor;
			sourceTree = "<group>";
		};
		18A24E8322372E09003F0F4A /* Presenter */ = {
			isa = PBXGroup;
			children = (
				18A24E9C22376334003F0F4A /* ContactListPresenter.swift */,
			);
			path = Presenter;
			sourceTree = "<group>";
		};
		18A24E8422372E17003F0F4A /* Views */ = {
			isa = PBXGroup;
			children = (
				18A24E8922372FE9003F0F4A /* CustomViews */,
				18A24E8522372EC7003F0F4A /* ContactsListViewController.swift */,
				18A24E8622372EC7003F0F4A /* ContactsListViewController.xib */,
			);
			path = Views;
			sourceTree = "<group>";
		};
		18A24E8922372FE9003F0F4A /* CustomViews */ = {
			isa = PBXGroup;
			children = (
				18A24E8A223731D3003F0F4A /* HeaderView.swift */,
				18A24E8C223731EF003F0F4A /* HeaderView.xib */,
				18A24E8E22373F38003F0F4A /* ContactListCell.swift */,
				18A24E8F22373F38003F0F4A /* ContactListCell.xib */,
			);
			path = CustomViews;
			sourceTree = "<group>";
		};
		18A24EA0223764B5003F0F4A /* Model */ = {
			isa = PBXGroup;
			children = (
				18A24EA622376857003F0F4A /* ViewModel */,
				18A24EA1223764D5003F0F4A /* User.swift */,
			);
			path = Model;
			sourceTree = "<group>";
		};
		18A24EA3223765E0003F0F4A /* Workers */ = {
			isa = PBXGroup;
			children = (
				18A24EA4223765F0003F0F4A /* ContactListWorker.swift */,
			);
			path = Workers;
			sourceTree = "<group>";
		};
		18A24EA622376857003F0F4A /* ViewModel */ = {
			isa = PBXGroup;
			children = (
				18A24EA722376868003F0F4A /* UserViewModel.swift */,
			);
			path = ViewModel;
			sourceTree = "<group>";
		};
		18A24EAF22381583003F0F4A /* Extensions */ = {
			isa = PBXGroup;
			children = (
				18A24EA92237F812003F0F4A /* UIImage+Extensions.swift */,
				18A24EAD22380B33003F0F4A /* UITextField+Extensions.swift */,
			);
			path = Extensions;
			sourceTree = "<group>";
		};
/* End PBXGroup section */

/* Begin PBXNativeTarget section */
		18A24E572237231F003F0F4A /* DesafioPicPayiOS */ = {
			isa = PBXNativeTarget;
			buildConfigurationList = 18A24E7522372323003F0F4A /* Build configuration list for PBXNativeTarget "DesafioPicPayiOS" */;
			buildPhases = (
				18A24E542237231F003F0F4A /* Sources */,
				18A24E552237231F003F0F4A /* Frameworks */,
				18A24E562237231F003F0F4A /* Resources */,
			);
			buildRules = (
			);
			dependencies = (
			);
			name = DesafioPicPayiOS;
			productName = DesafioPicPayiOS;
			productReference = 18A24E582237231F003F0F4A /* DesafioPicPayiOS.app */;
			productType = "com.apple.product-type.application";
		};
		18A24E6B22372323003F0F4A /* DesafioPicPayiOSTests */ = {
			isa = PBXNativeTarget;
			buildConfigurationList = 18A24E7822372323003F0F4A /* Build configuration list for PBXNativeTarget "DesafioPicPayiOSTests" */;
			buildPhases = (
				18A24E6822372323003F0F4A /* Sources */,
				18A24E6922372323003F0F4A /* Frameworks */,
				18A24E6A22372323003F0F4A /* Resources */,
			);
			buildRules = (
			);
			dependencies = (
				18A24E6E22372323003F0F4A /* PBXTargetDependency */,
			);
			name = DesafioPicPayiOSTests;
			productName = DesafioPicPayiOSTests;
			productReference = 18A24E6C22372323003F0F4A /* DesafioPicPayiOSTests.xctest */;
			productType = "com.apple.product-type.bundle.unit-test";
		};
/* End PBXNativeTarget section */

/* Begin PBXProject section */
		18A24E502237231F003F0F4A /* Project object */ = {
			isa = PBXProject;
			attributes = {
				LastSwiftUpdateCheck = 1010;
				LastUpgradeCheck = 1010;
				ORGANIZATIONNAME = "Thiago Santiago";
				TargetAttributes = {
					18A24E572237231F003F0F4A = {
						CreatedOnToolsVersion = 10.1;
					};
					18A24E6B22372323003F0F4A = {
						CreatedOnToolsVersion = 10.1;
						TestTargetID = 18A24E572237231F003F0F4A;
					};
				};
			};
			buildConfigurationList = 18A24E532237231F003F0F4A /* Build configuration list for PBXProject "DesafioPicPayiOS" */;
			compatibilityVersion = "Xcode 9.3";
			developmentRegion = en;
			hasScannedForEncodings = 0;
			knownRegions = (
				en,
				Base,
			);
			mainGroup = 18A24E4F2237231F003F0F4A;
			productRefGroup = 18A24E592237231F003F0F4A /* Products */;
			projectDirPath = "";
			projectRoot = "";
			targets = (
				18A24E572237231F003F0F4A /* DesafioPicPayiOS */,
				18A24E6B22372323003F0F4A /* DesafioPicPayiOSTests */,
			);
		};
/* End PBXProject section */

/* Begin PBXResourcesBuildPhase section */
		18A24E562237231F003F0F4A /* Resources */ = {
			isa = PBXResourcesBuildPhase;
			buildActionMask = 2147483647;
			files = (
				18A24E6622372323003F0F4A /* LaunchScreen.storyboard in Resources */,
				18A24E6322372323003F0F4A /* Assets.xcassets in Resources */,
				18A24E8822372EC7003F0F4A /* ContactsListViewController.xib in Resources */,
				18A24E9122373F38003F0F4A /* ContactListCell.xib in Resources */,
				18A24E8D223731EF003F0F4A /* HeaderView.xib in Resources */,
			);
			runOnlyForDeploymentPostprocessing = 0;
		};
		18A24E6A22372323003F0F4A /* Resources */ = {
			isa = PBXResourcesBuildPhase;
			buildActionMask = 2147483647;
			files = (
			);
			runOnlyForDeploymentPostprocessing = 0;
		};
/* End PBXResourcesBuildPhase section */

/* Begin PBXSourcesBuildPhase section */
		18A24E542237231F003F0F4A /* Sources */ = {
			isa = PBXSourcesBuildPhase;
			buildActionMask = 2147483647;
			files = (
				18A24EA2223764D5003F0F4A /* User.swift in Sources */,
				18A24E8722372EC7003F0F4A /* ContactsListViewController.swift in Sources */,
				18A24E9D22376334003F0F4A /* ContactListPresenter.swift in Sources */,
				18A24E9022373F38003F0F4A /* ContactListCell.swift in Sources */,
				18A24E9722375E8C003F0F4A /* PicPayApiSetupProtocol.swift in Sources */,
				18A24E8022372D1E003F0F4A /* AppRouter.swift in Sources */,
				18A24E9322375DF9003F0F4A /* PicPayApiError.swift in Sources */,
				18A24E9B22376001003F0F4A /* Constants.swift in Sources */,
				18A24EA5223765F0003F0F4A /* ContactListWorker.swift in Sources */,
				18A24E9922375F02003F0F4A /* PicPayContactListServiceSetup.swift in Sources */,
				18A24EAC2237F87A003F0F4A /* ImageDownloader.swift in Sources */,
				18A24E5C2237231F003F0F4A /* AppDelegate.swift in Sources */,
				18A24EAE22380B33003F0F4A /* UITextField+Extensions.swift in Sources */,
				18A24E9F22376429003F0F4A /* ContactListInteractor.swift in Sources */,
				18A24E9522375E34003F0F4A /* PicPayApiRequest.swift in Sources */,
				18A24EA822376868003F0F4A /* UserViewModel.swift in Sources */,
				18A24E8B223731D3003F0F4A /* HeaderView.swift in Sources */,
				18A24EAA2237F813003F0F4A /* UIImage+Extensions.swift in Sources */,
			);
			runOnlyForDeploymentPostprocessing = 0;
		};
		18A24E6822372323003F0F4A /* Sources */ = {
			isa = PBXSourcesBuildPhase;
			buildActionMask = 2147483647;
			files = (
				18A24E7122372323003F0F4A /* DesafioPicPayiOSTests.swift in Sources */,
			);
			runOnlyForDeploymentPostprocessing = 0;
		};
/* End PBXSourcesBuildPhase section */

/* Begin PBXTargetDependency section */
		18A24E6E22372323003F0F4A /* PBXTargetDependency */ = {
			isa = PBXTargetDependency;
			target = 18A24E572237231F003F0F4A /* DesafioPicPayiOS */;
			targetProxy = 18A24E6D22372323003F0F4A /* PBXContainerItemProxy */;
		};
/* End PBXTargetDependency section */

/* Begin PBXVariantGroup section */
		18A24E6422372323003F0F4A /* LaunchScreen.storyboard */ = {
			isa = PBXVariantGroup;
			children = (
				18A24E6522372323003F0F4A /* Base */,
			);
			name = LaunchScreen.storyboard;
			sourceTree = "<group>";
		};
/* End PBXVariantGroup section */

/* Begin XCBuildConfiguration section */
		18A24E7322372323003F0F4A /* Debug */ = {
			isa = XCBuildConfiguration;
			buildSettings = {
				ALWAYS_SEARCH_USER_PATHS = NO;
				CLANG_ANALYZER_NONNULL = YES;
				CLANG_ANALYZER_NUMBER_OBJECT_CONVERSION = YES_AGGRESSIVE;
				CLANG_CXX_LANGUAGE_STANDARD = "gnu++14";
				CLANG_CXX_LIBRARY = "libc++";
				CLANG_ENABLE_MODULES = YES;
				CLANG_ENABLE_OBJC_ARC = YES;
				CLANG_ENABLE_OBJC_WEAK = YES;
				CLANG_WARN_BLOCK_CAPTURE_AUTORELEASING = YES;
				CLANG_WARN_BOOL_CONVERSION = YES;
				CLANG_WARN_COMMA = YES;
				CLANG_WARN_CONSTANT_CONVERSION = YES;
				CLANG_WARN_DEPRECATED_OBJC_IMPLEMENTATIONS = YES;
				CLANG_WARN_DIRECT_OBJC_ISA_USAGE = YES_ERROR;
				CLANG_WARN_DOCUMENTATION_COMMENTS = YES;
				CLANG_WARN_EMPTY_BODY = YES;
				CLANG_WARN_ENUM_CONVERSION = YES;
				CLANG_WARN_INFINITE_RECURSION = YES;
				CLANG_WARN_INT_CONVERSION = YES;
				CLANG_WARN_NON_LITERAL_NULL_CONVERSION = YES;
				CLANG_WARN_OBJC_IMPLICIT_RETAIN_SELF = YES;
				CLANG_WARN_OBJC_LITERAL_CONVERSION = YES;
				CLANG_WARN_OBJC_ROOT_CLASS = YES_ERROR;
				CLANG_WARN_RANGE_LOOP_ANALYSIS = YES;
				CLANG_WARN_STRICT_PROTOTYPES = YES;
				CLANG_WARN_SUSPICIOUS_MOVE = YES;
				CLANG_WARN_UNGUARDED_AVAILABILITY = YES_AGGRESSIVE;
				CLANG_WARN_UNREACHABLE_CODE = YES;
				CLANG_WARN__DUPLICATE_METHOD_MATCH = YES;
				CODE_SIGN_IDENTITY = "iPhone Developer";
				COPY_PHASE_STRIP = NO;
				DEBUG_INFORMATION_FORMAT = dwarf;
				ENABLE_STRICT_OBJC_MSGSEND = YES;
				ENABLE_TESTABILITY = YES;
				GCC_C_LANGUAGE_STANDARD = gnu11;
				GCC_DYNAMIC_NO_PIC = NO;
				GCC_NO_COMMON_BLOCKS = YES;
				GCC_OPTIMIZATION_LEVEL = 0;
				GCC_PREPROCESSOR_DEFINITIONS = (
					"DEBUG=1",
					"$(inherited)",
				);
				GCC_WARN_64_TO_32_BIT_CONVERSION = YES;
				GCC_WARN_ABOUT_RETURN_TYPE = YES_ERROR;
				GCC_WARN_UNDECLARED_SELECTOR = YES;
				GCC_WARN_UNINITIALIZED_AUTOS = YES_AGGRESSIVE;
				GCC_WARN_UNUSED_FUNCTION = YES;
				GCC_WARN_UNUSED_VARIABLE = YES;
				IPHONEOS_DEPLOYMENT_TARGET = 12.1;
				MTL_ENABLE_DEBUG_INFO = INCLUDE_SOURCE;
				MTL_FAST_MATH = YES;
				ONLY_ACTIVE_ARCH = YES;
				SDKROOT = iphoneos;
				SWIFT_ACTIVE_COMPILATION_CONDITIONS = DEBUG;
				SWIFT_OPTIMIZATION_LEVEL = "-Onone";
			};
			name = Debug;
		};
		18A24E7422372323003F0F4A /* Release */ = {
			isa = XCBuildConfiguration;
			buildSettings = {
				ALWAYS_SEARCH_USER_PATHS = NO;
				CLANG_ANALYZER_NONNULL = YES;
				CLANG_ANALYZER_NUMBER_OBJECT_CONVERSION = YES_AGGRESSIVE;
				CLANG_CXX_LANGUAGE_STANDARD = "gnu++14";
				CLANG_CXX_LIBRARY = "libc++";
				CLANG_ENABLE_MODULES = YES;
				CLANG_ENABLE_OBJC_ARC = YES;
				CLANG_ENABLE_OBJC_WEAK = YES;
				CLANG_WARN_BLOCK_CAPTURE_AUTORELEASING = YES;
				CLANG_WARN_BOOL_CONVERSION = YES;
				CLANG_WARN_COMMA = YES;
				CLANG_WARN_CONSTANT_CONVERSION = YES;
				CLANG_WARN_DEPRECATED_OBJC_IMPLEMENTATIONS = YES;
				CLANG_WARN_DIRECT_OBJC_ISA_USAGE = YES_ERROR;
				CLANG_WARN_DOCUMENTATION_COMMENTS = YES;
				CLANG_WARN_EMPTY_BODY = YES;
				CLANG_WARN_ENUM_CONVERSION = YES;
				CLANG_WARN_INFINITE_RECURSION = YES;
				CLANG_WARN_INT_CONVERSION = YES;
				CLANG_WARN_NON_LITERAL_NULL_CONVERSION = YES;
				CLANG_WARN_OBJC_IMPLICIT_RETAIN_SELF = YES;
				CLANG_WARN_OBJC_LITERAL_CONVERSION = YES;
				CLANG_WARN_OBJC_ROOT_CLASS = YES_ERROR;
				CLANG_WARN_RANGE_LOOP_ANALYSIS = YES;
				CLANG_WARN_STRICT_PROTOTYPES = YES;
				CLANG_WARN_SUSPICIOUS_MOVE = YES;
				CLANG_WARN_UNGUARDED_AVAILABILITY = YES_AGGRESSIVE;
				CLANG_WARN_UNREACHABLE_CODE = YES;
				CLANG_WARN__DUPLICATE_METHOD_MATCH = YES;
				CODE_SIGN_IDENTITY = "iPhone Developer";
				COPY_PHASE_STRIP = NO;
				DEBUG_INFORMATION_FORMAT = "dwarf-with-dsym";
				ENABLE_NS_ASSERTIONS = NO;
				ENABLE_STRICT_OBJC_MSGSEND = YES;
				GCC_C_LANGUAGE_STANDARD = gnu11;
				GCC_NO_COMMON_BLOCKS = YES;
				GCC_WARN_64_TO_32_BIT_CONVERSION = YES;
				GCC_WARN_ABOUT_RETURN_TYPE = YES_ERROR;
				GCC_WARN_UNDECLARED_SELECTOR = YES;
				GCC_WARN_UNINITIALIZED_AUTOS = YES_AGGRESSIVE;
				GCC_WARN_UNUSED_FUNCTION = YES;
				GCC_WARN_UNUSED_VARIABLE = YES;
				IPHONEOS_DEPLOYMENT_TARGET = 12.1;
				MTL_ENABLE_DEBUG_INFO = NO;
				MTL_FAST_MATH = YES;
				SDKROOT = iphoneos;
				SWIFT_COMPILATION_MODE = wholemodule;
				SWIFT_OPTIMIZATION_LEVEL = "-O";
				VALIDATE_PRODUCT = YES;
			};
			name = Release;
		};
		18A24E7622372323003F0F4A /* Debug */ = {
			isa = XCBuildConfiguration;
			buildSettings = {
				ASSETCATALOG_COMPILER_APPICON_NAME = AppIcon;
				CODE_SIGN_STYLE = Automatic;
				DEVELOPMENT_TEAM = C247LTFS54;
				INFOPLIST_FILE = DesafioPicPayiOS/Info.plist;
				LD_RUNPATH_SEARCH_PATHS = (
					"$(inherited)",
					"@executable_path/Frameworks",
				);
				PRODUCT_BUNDLE_IDENTIFIER = br.com.thiago.DesafioPicPayiOS;
				PRODUCT_NAME = "$(TARGET_NAME)";
				SWIFT_VERSION = 4.2;
				TARGETED_DEVICE_FAMILY = "1,2";
			};
			name = Debug;
		};
		18A24E7722372323003F0F4A /* Release */ = {
			isa = XCBuildConfiguration;
			buildSettings = {
				ASSETCATALOG_COMPILER_APPICON_NAME = AppIcon;
				CODE_SIGN_STYLE = Automatic;
				DEVELOPMENT_TEAM = C247LTFS54;
				INFOPLIST_FILE = DesafioPicPayiOS/Info.plist;
				LD_RUNPATH_SEARCH_PATHS = (
					"$(inherited)",
					"@executable_path/Frameworks",
				);
				PRODUCT_BUNDLE_IDENTIFIER = br.com.thiago.DesafioPicPayiOS;
				PRODUCT_NAME = "$(TARGET_NAME)";
				SWIFT_VERSION = 4.2;
				TARGETED_DEVICE_FAMILY = "1,2";
			};
			name = Release;
		};
		18A24E7922372323003F0F4A /* Debug */ = {
			isa = XCBuildConfiguration;
			buildSettings = {
				ALWAYS_EMBED_SWIFT_STANDARD_LIBRARIES = YES;
				BUNDLE_LOADER = "$(TEST_HOST)";
				CODE_SIGN_STYLE = Automatic;
				DEVELOPMENT_TEAM = C247LTFS54;
				INFOPLIST_FILE = DesafioPicPayiOSTests/Info.plist;
				LD_RUNPATH_SEARCH_PATHS = (
					"$(inherited)",
					"@executable_path/Frameworks",
					"@loader_path/Frameworks",
				);
				PRODUCT_BUNDLE_IDENTIFIER = br.com.thiago.DesafioPicPayiOSTests;
				PRODUCT_NAME = "$(TARGET_NAME)";
				SWIFT_VERSION = 4.2;
				TARGETED_DEVICE_FAMILY = "1,2";
				TEST_HOST = "$(BUILT_PRODUCTS_DIR)/DesafioPicPayiOS.app/DesafioPicPayiOS";
			};
			name = Debug;
		};
		18A24E7A22372323003F0F4A /* Release */ = {
			isa = XCBuildConfiguration;
			buildSettings = {
				ALWAYS_EMBED_SWIFT_STANDARD_LIBRARIES = YES;
				BUNDLE_LOADER = "$(TEST_HOST)";
				CODE_SIGN_STYLE = Automatic;
				DEVELOPMENT_TEAM = C247LTFS54;
				INFOPLIST_FILE = DesafioPicPayiOSTests/Info.plist;
				LD_RUNPATH_SEARCH_PATHS = (
					"$(inherited)",
					"@executable_path/Frameworks",
					"@loader_path/Frameworks",
				);
				PRODUCT_BUNDLE_IDENTIFIER = br.com.thiago.DesafioPicPayiOSTests;
				PRODUCT_NAME = "$(TARGET_NAME)";
				SWIFT_VERSION = 4.2;
				TARGETED_DEVICE_FAMILY = "1,2";
				TEST_HOST = "$(BUILT_PRODUCTS_DIR)/DesafioPicPayiOS.app/DesafioPicPayiOS";
			};
			name = Release;
		};
/* End XCBuildConfiguration section */

/* Begin XCConfigurationList section */
		18A24E532237231F003F0F4A /* Build configuration list for PBXProject "DesafioPicPayiOS" */ = {
			isa = XCConfigurationList;
			buildConfigurations = (
				18A24E7322372323003F0F4A /* Debug */,
				18A24E7422372323003F0F4A /* Release */,
			);
			defaultConfigurationIsVisible = 0;
			defaultConfigurationName = Release;
		};
		18A24E7522372323003F0F4A /* Build configuration list for PBXNativeTarget "DesafioPicPayiOS" */ = {
			isa = XCConfigurationList;
			buildConfigurations = (
				18A24E7622372323003F0F4A /* Debug */,
				18A24E7722372323003F0F4A /* Release */,
			);
			defaultConfigurationIsVisible = 0;
			defaultConfigurationName = Release;
		};
		18A24E7822372323003F0F4A /* Build configuration list for PBXNativeTarget "DesafioPicPayiOSTests" */ = {
			isa = XCConfigurationList;
			buildConfigurations = (
				18A24E7922372323003F0F4A /* Debug */,
				18A24E7A22372323003F0F4A /* Release */,
			);
			defaultConfigurationIsVisible = 0;
			defaultConfigurationName = Release;
		};
/* End XCConfigurationList section */
	};
	rootObject = 18A24E502237231F003F0F4A /* Project object */;
}
